
Microsoft Visual Studio Solution File, Format Version 12.00
# Visual Studio Version 16
VisualStudioVersion = 16.0.31702.278
MinimumVisualStudioVersion = 10.0.40219.1
Project("{FAE04EC0-301F-11D3-BF4B-00C04F79EFBC}") = "BT_Nhom_De_3", "BT_Nhom_De_3.csproj", "{2CD702A4-4122-46EC-9A30-BB917AE1B57C}"
EndProject
Global
	GlobalSection(SolutionConfigurationPlatforms) = preSolution
		Debug|Any CPU = Debug|Any CPU
		Release|Any CPU = Release|Any CPU
	EndGlobalSection
	GlobalSection(ProjectConfigurationPlatforms) = postSolution
		{2CD702A4-4122-46EC-9A30-BB917AE1B57C}.Debug|Any CPU.ActiveCfg = Debug|Any CPU
		{2CD702A4-4122-46EC-9A30-BB917AE1B57C}.Debug|Any CPU.Build.0 = Debug|Any CPU
		{2CD702A4-4122-46EC-9A30-BB917AE1B57C}.Release|Any CPU.ActiveCfg = Release|Any CPU
		{2CD702A4-4122-46EC-9A30-BB917AE1B57C}.Release|Any CPU.Build.0 = Release|Any CPU
	EndGlobalSection
	GlobalSection(SolutionProperties) = preSolution
		HideSolutionNode = FALSE
	EndGlobalSection
	GlobalSection(ExtensibilityGlobals) = postSolution
		SolutionGuid = {813B672A-7B27-4D27-9409-3C75CD6E1211}
	EndGlobalSection
EndGlobal
